github.com/BurntSushi/toml v0.3.1 h1:WXkYYl6Yr3qBf1K79EBnL4mak0OimBfB0XUf9Vl28OQ=
github.com/BurntSushi/toml v0.3.1/go.mod h1:xHWCNGjB5oqiDr8zfno3MHue2Ht5sIBksp03qcyfWMU=
github.com/golang/protobuf v1.3.1 h1:YF8+flBXS5eO826T4nzqPrxfhQThhXl0YzfuUPu4SBg=
github.com/golang/protobuf v1.3.1/go.mod h1:6lQm79b+lXiMfvg/cZm0SGofjICqVBUtrP5yJMmIC1U=
github.com/ironzhang/pearls v0.0.0-20190123114652-2cedaeac392b h1:wHAVqVmB6TrNX9RlrI4o2mEHJal1N4WRjd0QFKtKHt8=
github.com/ironzhang/pearls v0.0.0-20190123114652-2cedaeac392b/go.mod h1:qxOHL1ttR6fNaaJaTHyXBgyxt6MDFVX0QvWvetvRqcw=
github.com/ironzhang/x-pearls v0.0.0-20180713105712-f51a44226f5a h1:Hj5xLY6QgvlIsgT8TktPsf600IGXPoI5rSET5Xp52RA=
github.com/ironzhang/x-pearls v0.0.0-20180713105712-f51a44226f5a/go.mod h1:e/RUpEIRXltiWNzF7mXU1ZM9IlyfCy5V9LZ5XIPNflU=
go.uber.org/atomic v1.3.2 h1:2Oa65PReHzfn29GpvgsYwloV9AVFHPDk8tYxt2c2tr4=
go.uber.org/atomic v1.3.2/go.mod h1:gD2HeocX3+yG+ygLZcrzQJaqmWj9AIm7n08wl/qW/PE=
go.uber.org/multierr v1.1.0 h1:HoEmRHQPVSqub6w2z2d2EOVs2fjyFRGyofhKuyDq0QI=
go.uber.org/multierr v1.1.0/go.mod h1:wR5kodmAFQ0UK8QlbwjlSNy0Z68gJhDJUG5sjR94q/0=
go.uber.org/zap v1.9.1 h1:XCJQEf3W6eZaVwhRBof6ImoYGJSITeKWsyeh3HFu/5o=
go.uber.org/zap v1.9.1/go.mod h1:vwi/ZaCAaUcBkycHslxD9B2zi4UTXhF60s6SWpuDF0Q=
